// !$*UTF8*$!
{
	archiveVersion = 1;
	classes = {
	};
	objectVersion = 50;
	objects = {

/* Begin PBXBuildFile section */
		B98F9E9D26494DF300EB53CF /* AppDelegate.swift in Sources */ = {isa = PBXBuildFile; fileRef = B98F9E9C26494DF300EB53CF /* AppDelegate.swift */; };
		B98F9E9F26494DF300EB53CF /* SceneDelegate.swift in Sources */ = {isa = PBXBuildFile; fileRef = B98F9E9E26494DF300EB53CF /* SceneDelegate.swift */; };
		B98F9EA126494DF300EB53CF /* ViewController.swift in Sources */ = {isa = PBXBuildFile; fileRef = B98F9EA026494DF300EB53CF /* ViewController.swift */; };
		B98F9EA426494DF300EB53CF /* Main.storyboard in Resources */ = {isa = PBXBuildFile; fileRef = B98F9EA226494DF300EB53CF /* Main.storyboard */; };
		B98F9EA626494DF700EB53CF /* Assets.xcassets in Resources */ = {isa = PBXBuildFile; fileRef = B98F9EA526494DF700EB53CF /* Assets.xcassets */; };
		B98F9EA926494DF700EB53CF /* LaunchScreen.storyboard in Resources */ = {isa = PBXBuildFile; fileRef = B98F9EA726494DF700EB53CF /* LaunchScreen.storyboard */; };
		B98F9EB426494DF700EB53CF /* MusicPlayerTests.swift in Sources */ = {isa = PBXBuildFile; fileRef = B98F9EB326494DF700EB53CF /* MusicPlayerTests.swift */; };
		B98F9EBF26494DF700EB53CF /* MusicPlayerUITests.swift in Sources */ = {isa = PBXBuildFile; fileRef = B98F9EBE26494DF700EB53CF /* MusicPlayerUITests.swift */; };
/* End PBXBuildFile section */

/* Begin PBXContainerItemProxy section */
		B98F9EB026494DF700EB53CF /* PBXContainerItemProxy */ = {
			isa = PBXContainerItemProxy;
			containerPortal = B98F9E9126494DF300EB53CF /* Project object */;
			proxyType = 1;
			remoteGlobalIDString = B98F9E9826494DF300EB53CF;
			remoteInfo = MusicPlayer;
		};
		B98F9EBB26494DF700EB53CF /* PBXContainerItemProxy */ = {
			isa = PBXContainerItemProxy;
			containerPortal = B98F9E9126494DF300EB53CF /* Project object */;
			proxyType = 1;
			remoteGlobalIDString = B98F9E9826494DF300EB53CF;
			remoteInfo = MusicPlayer;
		};
/* End PBXContainerItemProxy section */

/* Begin PBXFileReference section */
		B98F9E9926494DF300EB53CF /* MusicPlayer.app */ = {isa = PBXFileReference; explicitFileType = wrapper.application; includeInIndex = 0; path = MusicPlayer.app; sourceTree = BUILT_PRODUCTS_DIR; };
		B98F9E9C26494DF300EB53CF /* AppDelegate.swift */ = {isa = PBXFileReference; lastKnownFileType = sourcecode.swift; path = AppDelegate.swift; sourceTree = "<group>"; };
		B98F9E9E26494DF300EB53CF /* SceneDelegate.swift */ = {isa = PBXFileReference; lastKnownFileType = sourcecode.swift; path = SceneDelegate.swift; sourceTree = "<group>"; };
		B98F9EA026494DF300EB53CF /* ViewController.swift */ = {isa = PBXFileReference; lastKnownFileType = sourcecode.swift; path = ViewController.swift; sourceTree = "<group>"; };
		B98F9EA326494DF300EB53CF /* Base */ = {isa = PBXFileReference; lastKnownFileType = file.storyboard; name = Base; path = Base.lproj/Main.storyboard; sourceTree = "<group>"; };
		B98F9EA526494DF700EB53CF /* Assets.xcassets */ = {isa = PBXFileReference; lastKnownFileType = folder.assetcatalog; path = Assets.xcassets; sourceTree = "<group>"; };
		B98F9EA826494DF700EB53CF /* Base */ = {isa = PBXFileReference; lastKnownFileType = file.storyboard; name = Base; path = Base.lproj/LaunchScreen.storyboard; sourceTree = "<group>"; };
		B98F9EAA26494DF700EB53CF /* Info.plist */ = {isa = PBXFileReference; lastKnownFileType = text.plist.xml; path = Info.plist; sourceTree = "<group>"; };
		B98F9EAF26494DF700EB53CF /* MusicPlayerTests.xctest */ = {isa = PBXFileReference; explicitFileType = wrapper.cfbundle; includeInIndex = 0; path = MusicPlayerTests.xctest; sourceTree = BUILT_PRODUCTS_DIR; };
		B98F9EB326494DF700EB53CF /* MusicPlayerTests.swift */ = {isa = PBXFileReference; lastKnownFileType = sourcecode.swift; path = MusicPlayerTests.swift; sourceTree = "<group>"; };
		B98F9EB526494DF700EB53CF /* Info.plist */ = {isa = PBXFileReference; lastKnownFileType = text.plist.xml; path = Info.plist; sourceTree = "<group>"; };
		B98F9EBA26494DF700EB53CF /* MusicPlayerUITests.xctest */ = {isa = PBXFileReference; explicitFileType = wrapper.cfbundle; includeInIndex = 0; path = MusicPlayerUITests.xctest; sourceTree = BUILT_PRODUCTS_DIR; };
		B98F9EBE26494DF700EB53CF /* MusicPlayerUITests.swift */ = {isa = PBXFileReference; lastKnownFileType = sourcecode.swift; path = MusicPlayerUITests.swift; sourceTree = "<group>"; };
		B98F9EC026494DF700EB53CF /* Info.plist */ = {isa = PBXFileReference; lastKnownFileType = text.plist.xml; path = Info.plist; sourceTree = "<group>"; };
/* End PBXFileReference section */

/* Begin PBXFrameworksBuildPhase section */
		B98F9E9626494DF300EB53CF /* Frameworks */ = {
			isa = PBXFrameworksBuildPhase;
			buildActionMask = 2147483647;
			files = (
			);
			runOnlyForDeploymentPostprocessing = 0;
		};
		B98F9EAC26494DF700EB53CF /* Frameworks */ = {
			isa = PBXFrameworksBuildPhase;
			buildActionMask = 2147483647;
			files = (
			);
			runOnlyForDeploymentPostprocessing = 0;
		};
		B98F9EB726494DF700EB53CF /* Frameworks */ = {
			isa = PBXFrameworksBuildPhase;
			buildActionMask = 2147483647;
			files = (
			);
			runOnlyForDeploymentPostprocessing = 0;
		};
/* End PBXFrameworksBuildPhase section */

/* Begin PBXGroup section */
		B98F9E9026494DF300EB53CF = {
			isa = PBXGroup;
			children = (
				B98F9E9B26494DF300EB53CF /* MusicPlayer */,
				B98F9EB226494DF700EB53CF /* MusicPlayerTests */,
				B98F9EBD26494DF700EB53CF /* MusicPlayerUITests */,
				B98F9E9A26494DF300EB53CF /* Products */,
			);
			sourceTree = "<group>";
		};
		B98F9E9A26494DF300EB53CF /* Products */ = {
			isa = PBXGroup;
			children = (
				B98F9E9926494DF300EB53CF /* MusicPlayer.app */,
				B98F9EAF26494DF700EB53CF /* MusicPlayerTests.xctest */,
				B98F9EBA26494DF700EB53CF /* MusicPlayerUITests.xctest */,
			);
			name = Products;
			sourceTree = "<group>";
		};
		B98F9E9B26494DF300EB53CF /* MusicPlayer */ = {
			isa = PBXGroup;
			children = (
				B98F9E9C26494DF300EB53CF /* AppDelegate.swift */,
				B98F9E9E26494DF300EB53CF /* SceneDelegate.swift */,
				B98F9EA026494DF300EB53CF /* ViewController.swift */,
				B98F9EA226494DF300EB53CF /* Main.storyboard */,
				B98F9EA526494DF700EB53CF /* Assets.xcassets */,
				B98F9EA726494DF700EB53CF /* LaunchScreen.storyboard */,
				B98F9EAA26494DF700EB53CF /* Info.plist */,
			);
			path = MusicPlayer;
			sourceTree = "<group>";
		};
		B98F9EB226494DF700EB53CF /* MusicPlayerTests */ = {
			isa = PBXGroup;
			children = (
				B98F9EB326494DF700EB53CF /* MusicPlayerTests.swift */,
				B98F9EB526494DF700EB53CF /* Info.plist */,
			);
			path = MusicPlayerTests;
			sourceTree = "<group>";
		};
		B98F9EBD26494DF700EB53CF /* MusicPlayerUITests */ = {
			isa = PBXGroup;
			children = (
				B98F9EBE26494DF700EB53CF /* MusicPlayerUITests.swift */,
				B98F9EC026494DF700EB53CF /* Info.plist */,
			);
			path = MusicPlayerUITests;
			sourceTree = "<group>";
		};
/* End PBXGroup section */

/* Begin PBXNativeTarget section */
		B98F9E9826494DF300EB53CF /* MusicPlayer */ = {
			isa = PBXNativeTarget;
			buildConfigurationList = B98F9EC326494DF700EB53CF /* Build configuration list for PBXNativeTarget "MusicPlayer" */;
			buildPhases = (
				B98F9E9526494DF300EB53CF /* Sources */,
				B98F9E9626494DF300EB53CF /* Frameworks */,
				B98F9E9726494DF300EB53CF /* Resources */,
			);
			buildRules = (
			);
			dependencies = (
			);
			name = MusicPlayer;
			productName = MusicPlayer;
			productReference = B98F9E9926494DF300EB53CF /* MusicPlayer.app */;
			productType = "com.apple.product-type.application";
		};
		B98F9EAE26494DF700EB53CF /* MusicPlayerTests */ = {
			isa = PBXNativeTarget;
			buildConfigurationList = B98F9EC626494DF700EB53CF /* Build configuration list for PBXNativeTarget "MusicPlayerTests" */;
			buildPhases = (
				B98F9EAB26494DF700EB53CF /* Sources */,
				B98F9EAC26494DF700EB53CF /* Frameworks */,
				B98F9EAD26494DF700EB53CF /* Resources */,
			);
			buildRules = (
			);
			dependencies = (
				B98F9EB126494DF700EB53CF /* PBXTargetDependency */,
			);
			name = MusicPlayerTests;
			productName = MusicPlayerTests;
			productReference = B98F9EAF26494DF700EB53CF /* MusicPlayerTests.xctest */;
			productType = "com.apple.product-type.bundle.unit-test";
		};
		B98F9EB926494DF700EB53CF /* MusicPlayerUITests */ = {
			isa = PBXNativeTarget;
			buildConfigurationList = B98F9EC926494DF700EB53CF /* Build configuration list for PBXNativeTarget "MusicPlayerUITests" */;
			buildPhases = (
				B98F9EB626494DF700EB53CF /* Sources */,
				B98F9EB726494DF700EB53CF /* Frameworks */,
				B98F9EB826494DF700EB53CF /* Resources */,
			);
			buildRules = (
			);
			dependencies = (
				B98F9EBC26494DF700EB53CF /* PBXTargetDependency */,
			);
			name = MusicPlayerUITests;
			productName = MusicPlayerUITests;
			productReference = B98F9EBA26494DF700EB53CF /* MusicPlayerUITests.xctest */;
			productType = "com.apple.product-type.bundle.ui-testing";
		};
/* End PBXNativeTarget section */

/* Begin PBXProject section */
		B98F9E9126494DF300EB53CF /* Project object */ = {
			isa = PBXProject;
			attributes = {
				LastSwiftUpdateCheck = 1250;
				LastUpgradeCheck = 1250;
				TargetAttributes = {
					B98F9E9826494DF300EB53CF = {
						CreatedOnToolsVersion = 12.5;
					};
					B98F9EAE26494DF700EB53CF = {
						CreatedOnToolsVersion = 12.5;
						TestTargetID = B98F9E9826494DF300EB53CF;
					};
					B98F9EB926494DF700EB53CF = {
						CreatedOnToolsVersion = 12.5;
						TestTargetID = B98F9E9826494DF300EB53CF;
					};
				};
			};
			buildConfigurationList = B98F9E9426494DF300EB53CF /* Build configuration list for PBXProject "MusicPlayer" */;
			compatibilityVersion = "Xcode 9.3";
			developmentRegion = en;
			hasScannedForEncodings = 0;
			knownRegions = (
				en,
				Base,
			);
			mainGroup = B98F9E9026494DF300EB53CF;
			productRefGroup = B98F9E9A26494DF300EB53CF /* Products */;
			projectDirPath = "";
			projectRoot = "";
			targets = (
				B98F9E9826494DF300EB53CF /* MusicPlayer */,
				B98F9EAE26494DF700EB53CF /* MusicPlayerTests */,
				B98F9EB926494DF700EB53CF /* MusicPlayerUITests */,
			);
		};
/* End PBXProject section */

/* Begin PBXResourcesBuildPhase section */
		B98F9E9726494DF300EB53CF /* Resources */ = {
			isa = PBXResourcesBuildPhase;
			buildActionMask = 2147483647;
			files = (
				B98F9EA926494DF700EB53CF /* LaunchScreen.storyboard in Resources */,
				B98F9EA626494DF700EB53CF /* Assets.xcassets in Resources */,
				B98F9EA426494DF300EB53CF /* Main.storyboard in Resources */,
			);
			runOnlyForDeploymentPostprocessing = 0;
		};
		B98F9EAD26494DF700EB53CF /* Resources */ = {
			isa = PBXResourcesBuildPhase;
			buildActionMask = 2147483647;
			files = (
			);
			runOnlyForDeploymentPostprocessing = 0;
		};
		B98F9EB826494DF700EB53CF /* Resources */ = {
			isa = PBXResourcesBuildPhase;
			buildActionMask = 2147483647;
			files = (
			);
			runOnlyForDeploymentPostprocessing = 0;
		};
/* End PBXResourcesBuildPhase section */

/* Begin PBXSourcesBuildPhase section */
		B98F9E9526494DF300EB53CF /* Sources */ = {
			isa = PBXSourcesBuildPhase;
			buildActionMask = 2147483647;
			files = (
				B98F9EA126494DF300EB53CF /* ViewController.swift in Sources */,
				B98F9E9D26494DF300EB53CF /* AppDelegate.swift in Sources */,
				B98F9E9F26494DF300EB53CF /* SceneDelegate.swift in Sources */,
			);
			runOnlyForDeploymentPostprocessing = 0;
		};
		B98F9EAB26494DF700EB53CF /* Sources */ = {
			isa = PBXSourcesBuildPhase;
			buildActionMask = 2147483647;
			files = (
				B98F9EB426494DF700EB53CF /* MusicPlayerTests.swift in Sources */,
			);
			runOnlyForDeploymentPostprocessing = 0;
		};
		B98F9EB626494DF700EB53CF /* Sources */ = {
			isa = PBXSourcesBuildPhase;
			buildActionMask = 2147483647;
			files = (
				B98F9EBF26494DF700EB53CF /* MusicPlayerUITests.swift in Sources */,
			);
			runOnlyForDeploymentPostprocessing = 0;
		};
/* End PBXSourcesBuildPhase section */

/* Begin PBXTargetDependency section */
		B98F9EB126494DF700EB53CF /* PBXTargetDependency */ = {
			isa = PBXTargetDependency;
			target = B98F9E9826494DF300EB53CF /* MusicPlayer */;
			targetProxy = B98F9EB026494DF700EB53CF /* PBXContainerItemProxy */;
		};
		B98F9EBC26494DF700EB53CF /* PBXTargetDependency */ = {
			isa = PBXTargetDependency;
			target = B98F9E9826494DF300EB53CF /* MusicPlayer */;
			targetProxy = B98F9EBB26494DF700EB53CF /* PBXContainerItemProxy */;
		};
/* End PBXTargetDependency section */

/* Begin PBXVariantGroup section */
		B98F9EA226494DF300EB53CF /* Main.storyboard */ = {
			isa = PBXVariantGroup;
			children = (
				B98F9EA326494DF300EB53CF /* Base */,
			);
			name = Main.storyboard;
			sourceTree = "<group>";
		};
		B98F9EA726494DF700EB53CF /* LaunchScreen.storyboard */ = {
			isa = PBXVariantGroup;
			children = (
				B98F9EA826494DF700EB53CF /* Base */,
			);
			name = LaunchScreen.storyboard;
			sourceTree = "<group>";
		};
/* End PBXVariantGroup section */

/* Begin XCBuildConfiguration section */
		B98F9EC126494DF700EB53CF /* Debug */ = {
			isa = XCBuildConfiguration;
			buildSettings = {
				ALWAYS_SEARCH_USER_PATHS = NO;
				CLANG_ANALYZER_NONNULL = YES;
				CLANG_ANALYZER_NUMBER_OBJECT_CONVERSION = YES_AGGRESSIVE;
				CLANG_CXX_LANGUAGE_STANDARD = "gnu++14";
				CLANG_CXX_LIBRARY = "libc++";
				CLANG_ENABLE_MODULES = YES;
				CLANG_ENABLE_OBJC_ARC = YES;
				CLANG_ENABLE_OBJC_WEAK = YES;
				CLANG_WARN_BLOCK_CAPTURE_AUTORELEASING = YES;
				CLANG_WARN_BOOL_CONVERSION = YES;
				CLANG_WARN_COMMA = YES;
				CLANG_WARN_CONSTANT_CONVERSION = YES;
				CLANG_WARN_DEPRECATED_OBJC_IMPLEMENTATIONS = YES;
				CLANG_WARN_DIRECT_OBJC_ISA_USAGE = YES_ERROR;
				CLANG_WARN_DOCUMENTATION_COMMENTS = YES;
				CLANG_WARN_EMPTY_BODY = YES;
				CLANG_WARN_ENUM_CONVERSION = YES;
				CLANG_WARN_INFINITE_RECURSION = YES;
				CLANG_WARN_INT_CONVERSION = YES;
				CLANG_WARN_NON_LITERAL_NULL_CONVERSION = YES;
				CLANG_WARN_OBJC_IMPLICIT_RETAIN_SELF = YES;
				CLANG_WARN_OBJC_LITERAL_CONVERSION = YES;
				CLANG_WARN_OBJC_ROOT_CLASS = YES_ERROR;
				CLANG_WARN_QUOTED_INCLUDE_IN_FRAMEWORK_HEADER = YES;
				CLANG_WARN_RANGE_LOOP_ANALYSIS = YES;
				CLANG_WARN_STRICT_PROTOTYPES = YES;
				CLANG_WARN_SUSPICIOUS_MOVE = YES;
				CLANG_WARN_UNGUARDED_AVAILABILITY = YES_AGGRESSIVE;
				CLANG_WARN_UNREACHABLE_CODE = YES;
				CLANG_WARN__DUPLICATE_METHOD_MATCH = YES;
				COPY_PHASE_STRIP = NO;
				DEBUG_INFORMATION_FORMAT = dwarf;
				ENABLE_STRICT_OBJC_MSGSEND = YES;
				ENABLE_TESTABILITY = YES;
				GCC_C_LANGUAGE_STANDARD = gnu11;
				GCC_DYNAMIC_NO_PIC = NO;
				GCC_NO_COMMON_BLOCKS = YES;
				GCC_OPTIMIZATION_LEVEL = 0;
				GCC_PREPROCESSOR_DEFINITIONS = (
					"DEBUG=1",
					"$(inherited)",
				);
				GCC_WARN_64_TO_32_BIT_CONVERSION = YES;
				GCC_WARN_ABOUT_RETURN_TYPE = YES_ERROR;
				GCC_WARN_UNDECLARED_SELECTOR = YES;
				GCC_WARN_UNINITIALIZED_AUTOS = YES_AGGRESSIVE;
				GCC_WARN_UNUSED_FUNCTION = YES;
				GCC_WARN_UNUSED_VARIABLE = YES;
				IPHONEOS_DEPLOYMENT_TARGET = 14.5;
				MTL_ENABLE_DEBUG_INFO = INCLUDE_SOURCE;
				MTL_FAST_MATH = YES;
				ONLY_ACTIVE_ARCH = YES;
				SDKROOT = iphoneos;
				SWIFT_ACTIVE_COMPILATION_CONDITIONS = DEBUG;
				SWIFT_OPTIMIZATION_LEVEL = "-Onone";
			};
			name = Debug;
		};
		B98F9EC226494DF700EB53CF /* Release */ = {
			isa = XCBuildConfiguration;
			buildSettings = {
				ALWAYS_SEARCH_USER_PATHS = NO;
				CLANG_ANALYZER_NONNULL = YES;
				CLANG_ANALYZER_NUMBER_OBJECT_CONVERSION = YES_AGGRESSIVE;
				CLANG_CXX_LANGUAGE_STANDARD = "gnu++14";
				CLANG_CXX_LIBRARY = "libc++";
				CLANG_ENABLE_MODULES = YES;
				CLANG_ENABLE_OBJC_ARC = YES;
				CLANG_ENABLE_OBJC_WEAK = YES;
				CLANG_WARN_BLOCK_CAPTURE_AUTORELEASING = YES;
				CLANG_WARN_BOOL_CONVERSION = YES;
				CLANG_WARN_COMMA = YES;
				CLANG_WARN_CONSTANT_CONVERSION = YES;
				CLANG_WARN_DEPRECATED_OBJC_IMPLEMENTATIONS = YES;
				CLANG_WARN_DIRECT_OBJC_ISA_USAGE = YES_ERROR;
				CLANG_WARN_DOCUMENTATION_COMMENTS = YES;
				CLANG_WARN_EMPTY_BODY = YES;
				CLANG_WARN_ENUM_CONVERSION = YES;
				CLANG_WARN_INFINITE_RECURSION = YES;
				CLANG_WARN_INT_CONVERSION = YES;
				CLANG_WARN_NON_LITERAL_NULL_CONVERSION = YES;
				CLANG_WARN_OBJC_IMPLICIT_RETAIN_SELF = YES;
				CLANG_WARN_OBJC_LITERAL_CONVERSION = YES;
				CLANG_WARN_OBJC_ROOT_CLASS = YES_ERROR;
				CLANG_WARN_QUOTED_INCLUDE_IN_FRAMEWORK_HEADER = YES;
				CLANG_WARN_RANGE_LOOP_ANALYSIS = YES;
				CLANG_WARN_STRICT_PROTOTYPES = YES;
				CLANG_WARN_SUSPICIOUS_MOVE = YES;
				CLANG_WARN_UNGUARDED_AVAILABILITY = YES_AGGRESSIVE;
				CLANG_WARN_UNREACHABLE_CODE = YES;
				CLANG_WARN__DUPLICATE_METHOD_MATCH = YES;
				COPY_PHASE_STRIP = NO;
				DEBUG_INFORMATION_FORMAT = "dwarf-with-dsym";
				ENABLE_NS_ASSERTIONS = NO;
				ENABLE_STRICT_OBJC_MSGSEND = YES;
				GCC_C_LANGUAGE_STANDARD = gnu11;
				GCC_NO_COMMON_BLOCKS = YES;
				GCC_WARN_64_TO_32_BIT_CONVERSION = YES;
				GCC_WARN_ABOUT_RETURN_TYPE = YES_ERROR;
				GCC_WARN_UNDECLARED_SELECTOR = YES;
				GCC_WARN_UNINITIALIZED_AUTOS = YES_AGGRESSIVE;
				GCC_WARN_UNUSED_FUNCTION = YES;
				GCC_WARN_UNUSED_VARIABLE = YES;
				IPHONEOS_DEPLOYMENT_TARGET = 14.5;
				MTL_ENABLE_DEBUG_INFO = NO;
				MTL_FAST_MATH = YES;
				SDKROOT = iphoneos;
				SWIFT_COMPILATION_MODE = wholemodule;
				SWIFT_OPTIMIZATION_LEVEL = "-O";
				VALIDATE_PRODUCT = YES;
			};
			name = Release;
		};
		B98F9EC426494DF700EB53CF /* Debug */ = {
			isa = XCBuildConfiguration;
			buildSettings = {
				ASSETCATALOG_COMPILER_APPICON_NAME = AppIcon;
				ASSETCATALOG_COMPILER_GLOBAL_ACCENT_COLOR_NAME = AccentColor;
				CODE_SIGN_STYLE = Automatic;
				INFOPLIST_FILE = MusicPlayer/Info.plist;
				LD_RUNPATH_SEARCH_PATHS = (
					"$(inherited)",
					"@executable_path/Frameworks",
				);
				PRODUCT_BUNDLE_IDENTIFIER = jiun.MusicPlayer;
				PRODUCT_NAME = "$(TARGET_NAME)";
				SWIFT_VERSION = 5.0;
				TARGETED_DEVICE_FAMILY = "1,2";
			};
			name = Debug;
		};
		B98F9EC526494DF700EB53CF /* Release */ = {
			isa = XCBuildConfiguration;
			buildSettings = {
				ASSETCATALOG_COMPILER_APPICON_NAME = AppIcon;
				ASSETCATALOG_COMPILER_GLOBAL_ACCENT_COLOR_NAME = AccentColor;
				CODE_SIGN_STYLE = Automatic;
				INFOPLIST_FILE = MusicPlayer/Info.plist;
				LD_RUNPATH_SEARCH_PATHS = (
					"$(inherited)",
					"@executable_path/Frameworks",
				);
				PRODUCT_BUNDLE_IDENTIFIER = jiun.MusicPlayer;
				PRODUCT_NAME = "$(TARGET_NAME)";
				SWIFT_VERSION = 5.0;
				TARGETED_DEVICE_FAMILY = "1,2";
			};
			name = Release;
		};
		B98F9EC726494DF700EB53CF /* Debug */ = {
			isa = XCBuildConfiguration;
			buildSettings = {
				ALWAYS_EMBED_SWIFT_STANDARD_LIBRARIES = YES;
				BUNDLE_LOADER = "$(TEST_HOST)";
				CODE_SIGN_STYLE = Automatic;
				INFOPLIST_FILE = MusicPlayerTests/Info.plist;
				IPHONEOS_DEPLOYMENT_TARGET = 14.5;
				LD_RUNPATH_SEARCH_PATHS = (
					"$(inherited)",
					"@executable_path/Frameworks",
					"@loader_path/Frameworks",
				);
				PRODUCT_BUNDLE_IDENTIFIER = jiun.MusicPlayerTests;
				PRODUCT_NAME = "$(TARGET_NAME)";
				SWIFT_VERSION = 5.0;
				TARGETED_DEVICE_FAMILY = "1,2";
				TEST_HOST = "$(BUILT_PRODUCTS_DIR)/MusicPlayer.app/MusicPlayer";
			};
			name = Debug;
		};
		B98F9EC826494DF700EB53CF /* Release */ = {
			isa = XCBuildConfiguration;
			buildSettings = {
				ALWAYS_EMBED_SWIFT_STANDARD_LIBRARIES = YES;
				BUNDLE_LOADER = "$(TEST_HOST)";
				CODE_SIGN_STYLE = Automatic;
				INFOPLIST_FILE = MusicPlayerTests/Info.plist;
				IPHONEOS_DEPLOYMENT_TARGET = 14.5;
				LD_RUNPATH_SEARCH_PATHS = (
					"$(inherited)",
					"@executable_path/Frameworks",
					"@loader_path/Frameworks",
				);
				PRODUCT_BUNDLE_IDENTIFIER = jiun.MusicPlayerTests;
				PRODUCT_NAME = "$(TARGET_NAME)";
				SWIFT_VERSION = 5.0;
				TARGETED_DEVICE_FAMILY = "1,2";
				TEST_HOST = "$(BUILT_PRODUCTS_DIR)/MusicPlayer.app/MusicPlayer";
			};
			name = Release;
		};
		B98F9ECA26494DF700EB53CF /* Debug */ = {
			isa = XCBuildConfiguration;
			buildSettings = {
				ALWAYS_EMBED_SWIFT_STANDARD_LIBRARIES = YES;
				CODE_SIGN_STYLE = Automatic;
				INFOPLIST_FILE = MusicPlayerUITests/Info.plist;
				LD_RUNPATH_SEARCH_PATHS = (
					"$(inherited)",
					"@executable_path/Frameworks",
					"@loader_path/Frameworks",
				);
				PRODUCT_BUNDLE_IDENTIFIER = jiun.MusicPlayerUITests;
				PRODUCT_NAME = "$(TARGET_NAME)";
				SWIFT_VERSION = 5.0;
				TARGETED_DEVICE_FAMILY = "1,2";
				TEST_TARGET_NAME = MusicPlayer;
			};
			name = Debug;
		};
		B98F9ECB26494DF700EB53CF /* Release */ = {
			isa = XCBuildConfiguration;
			buildSettings = {
				ALWAYS_EMBED_SWIFT_STANDARD_LIBRARIES = YES;
				CODE_SIGN_STYLE = Automatic;
				INFOPLIST_FILE = MusicPlayerUITests/Info.plist;
				LD_RUNPATH_SEARCH_PATHS = (
					"$(inherited)",
					"@executable_path/Frameworks",
					"@loader_path/Frameworks",
				);
				PRODUCT_BUNDLE_IDENTIFIER = jiun.MusicPlayerUITests;
				PRODUCT_NAME = "$(TARGET_NAME)";
				SWIFT_VERSION = 5.0;
				TARGETED_DEVICE_FAMILY = "1,2";
				TEST_TARGET_NAME = MusicPlayer;
			};
			name = Release;
		};
/* End XCBuildConfiguration section */

/* Begin XCConfigurationList section */
		B98F9E9426494DF300EB53CF /* Build configuration list for PBXProject "MusicPlayer" */ = {
			isa = XCConfigurationList;
			buildConfigurations = (
				B98F9EC126494DF700EB53CF /* Debug */,
				B98F9EC226494DF700EB53CF /* Release */,
			);
			defaultConfigurationIsVisible = 0;
			defaultConfigurationName = Release;
		};
		B98F9EC326494DF700EB53CF /* Build configuration list for PBXNativeTarget "MusicPlayer" */ = {
			isa = XCConfigurationList;
			buildConfigurations = (
				B98F9EC426494DF700EB53CF /* Debug */,
				B98F9EC526494DF700EB53CF /* Release */,
			);
			defaultConfigurationIsVisible = 0;
			defaultConfigurationName = Release;
		};
		B98F9EC626494DF700EB53CF /* Build configuration list for PBXNativeTarget "MusicPlayerTests" */ = {
			isa = XCConfigurationList;
			buildConfigurations = (
				B98F9EC726494DF700EB53CF /* Debug */,
				B98F9EC826494DF700EB53CF /* Release */,
			);
			defaultConfigurationIsVisible = 0;
			defaultConfigurationName = Release;
		};
		B98F9EC926494DF700EB53CF /* Build configuration list for PBXNativeTarget "MusicPlayerUITests" */ = {
			isa = XCConfigurationList;
			buildConfigurations = (
				B98F9ECA26494DF700EB53CF /* Debug */,
				B98F9ECB26494DF700EB53CF /* Release */,
			);
			defaultConfigurationIsVisible = 0;
			defaultConfigurationName = Release;
		};
/* End XCConfigurationList section */
	};
	rootObject = B98F9E9126494DF300EB53CF /* Project object */;
}
